{
  "name": "trading-journal-smi-kn-smart-tpsl-v77",
  "version": "7.8.0",
  "lockfileVersion": 3,
  "requires": true,
  "packages": {
    "": {
      "name": "trading-journal-smi-kn-smart-tpsl-v77",
      "version": "7.8.0",
      "license": "UNLICENSED",
      "description": "BOT11 Delta Exchange India SMI + KN Smart TP/SL bot with TradingView-style chart tools and Entry/SL/TP1/TP2/TP3 overlays."
    }
  }
}