{
  "name": "bot11-strategy-spec-v1",
  "version": "1.0.0",
  "lockfileVersion": 3,
  "requires": true,
  "packages": {
    "": {
      "name": "bot11-strategy-spec-v1",
      "version": "1.0.0",
      "license": "UNLICENSED",
      "description": "BOT11 portfolio futures bot: live data, paper-mode execution, SMI pullback + KN TPSL strategy gates."
    }
  }
}
