{
<<<<<<< HEAD
  "name": "trading-journal-smi-kn-smart-tpsl-v77",
  "version": "7.8.0",
=======
  "name": "trading-journal-confluence-structure-execution-v70",
  "version": "7.0.0",
>>>>>>> 93470720e704c6f71ad4dd05e1ccaf5186004d5b
  "lockfileVersion": 3,
  "requires": true,
  "packages": {
    "": {
<<<<<<< HEAD
      "name": "trading-journal-smi-kn-smart-tpsl-v77",
      "version": "7.8.0",
      "license": "UNLICENSED",
      "description": "BOT11 Delta Exchange India SMI + KN Smart TP/SL bot with TradingView-style chart tools and Entry/SL/TP1/TP2/TP3 overlays."
=======
      "name": "trading-journal-confluence-structure-execution-v70",
      "version": "7.0.0",
      "license": "UNLICENSED",
      "description": "Delta Exchange India V69 live-armed 5m scalp bot with 15m/1h/1D context, previous-day candle, MTF support-resistance, 5m+HTF volume flow, Market Memory cloud, MACD timing, structural SL/TP, exact blocker logs, force sync, and stale live trade clear."
>>>>>>> 93470720e704c6f71ad4dd05e1ccaf5186004d5b
    }
  }
}